
Microsoft Visual Studio Solution File, Format Version 12.00
# Visual Studio 15
Project("{FAE04EC0-301F-11D3-BF4B-00C04F79EFBC}") = "Unity.Timeline", "Unity.Timeline.csproj", "{CDBF961A-73B4-2CAF-6640-50E253D700A9}"
EndProject
Project("{FAE04EC0-301F-11D3-BF4B-00C04F79EFBC}") = "Unity.Timeline.Editor", "Unity.Timeline.Editor.csproj", "{6FDAA16B-9082-DA50-53B1-55AE3C900D89}"
EndProject
Project("{FAE04EC0-301F-11D3-BF4B-00C04F79EFBC}") = "Unity.TextMeshPro.Editor", "Unity.TextMeshPro.Editor.csproj", "{D04BCDB4-AE49-438A-D0D4-37A7AF25DFE8}"
EndProject
Project("{FAE04EC0-301F-11D3-BF4B-00C04F79EFBC}") = "Unity.PlasticSCM.Editor", "Unity.PlasticSCM.Editor.csproj", "{410D8185-1200-BEAF-1AC3-BF08F792093B}"
EndProject
Project("{FAE04EC0-301F-11D3-BF4B-00C04F79EFBC}") = "Unity.VisualScripting.Flow", "Unity.VisualScripting.Flow.csproj", "{97B4584A-4EA6-50CE-A7BA-3966F65CF414}"
EndProject
Project("{FAE04EC0-301F-11D3-BF4B-00C04F79EFBC}") = "UnityEditor.UI", "UnityEditor.UI.csproj", "{1A83B538-2A70-B5A3-5D50-24FB98592A98}"
EndProject
Project("{FAE04EC0-301F-11D3-BF4B-00C04F79EFBC}") = "Unity.VisualScripting.Core", "Unity.VisualScripting.Core.csproj", "{09A55114-C783-43B5-4EE4-2AA23ED5D9A7}"
EndProject
Project("{FAE04EC0-301F-11D3-BF4B-00C04F79EFBC}") = "Unity.VisualScripting.Core.Editor", "Unity.VisualScripting.Core.Editor.csproj", "{E0F27155-159E-A7C1-C705-B475125B990A}"
EndProject
Project("{FAE04EC0-301F-11D3-BF4B-00C04F79EFBC}") = "Unity.VisualScripting.Flow.Editor", "Unity.VisualScripting.Flow.Editor.csproj", "{FF7C16D8-D9FC-6FAC-F1A8-E1EA540BF1B2}"
EndProject
Project("{FAE04EC0-301F-11D3-BF4B-00C04F79EFBC}") = "UnityEditor.TestRunner", "UnityEditor.TestRunner.csproj", "{69A518B0-5CB6-580C-DA77-34E4F3192926}"
EndProject
Project("{FAE04EC0-301F-11D3-BF4B-00C04F79EFBC}") = "Unity.VisualScripting.SettingsProvider.Editor", "Unity.VisualScripting.SettingsProvider.Editor.csproj", "{A62CF1E9-C80C-6054-5128-D962C3866642}"
EndProject
Project("{FAE04EC0-301F-11D3-BF4B-00C04F79EFBC}") = "UnityEngine.TestRunner", "UnityEngine.TestRunner.csproj", "{7915C830-5B32-7122-6B0A-05B088968878}"
EndProject
Project("{FAE04EC0-301F-11D3-BF4B-00C04F79EFBC}") = "UnityEngine.UI", "UnityEngine.UI.csproj", "{B6BED45B-E9AB-C63E-19A8-DDB402C85F6D}"
EndProject
Project("{FAE04EC0-301F-11D3-BF4B-00C04F79EFBC}") = "Unity.VisualStudio.Editor", "Unity.VisualStudio.Editor.csproj", "{BD18201C-5176-E69B-8D37-163472F6BD58}"
EndProject
Project("{FAE04EC0-301F-11D3-BF4B-00C04F79EFBC}") = "Unity.TestTools.CodeCoverage.Editor.OpenCover.Model", "Unity.TestTools.CodeCoverage.Editor.OpenCover.Model.csproj", "{0C61C3FA-D1D4-070F-151B-D35C9D5DBF41}"
EndProject
Project("{FAE04EC0-301F-11D3-BF4B-00C04F79EFBC}") = "Unity.Rider.Editor", "Unity.Rider.Editor.csproj", "{1AC026D6-F467-B942-9C3C-738B0E5D17E9}"
EndProject
Project("{FAE04EC0-301F-11D3-BF4B-00C04F79EFBC}") = "Unity.CollabProxy.Editor", "Unity.CollabProxy.Editor.csproj", "{3FA63EED-D58D-36F8-6F9C-6383CC151F2F}"
EndProject
Project("{FAE04EC0-301F-11D3-BF4B-00C04F79EFBC}") = "Unity.VisualScripting.State.Editor", "Unity.VisualScripting.State.Editor.csproj", "{02ECDC9C-CB1B-3C1B-175A-F017D99D4C0B}"
EndProject
Project("{FAE04EC0-301F-11D3-BF4B-00C04F79EFBC}") = "Unity.TestTools.CodeCoverage.Editor", "Unity.TestTools.CodeCoverage.Editor.csproj", "{71F310EF-1D23-22FA-13B6-BAEF7676A86F}"
EndProject
Project("{FAE04EC0-301F-11D3-BF4B-00C04F79EFBC}") = "Unity.VisualScripting.State", "Unity.VisualScripting.State.csproj", "{C9DD17AD-CA4B-1BF6-78D1-7C4CD05442B0}"
EndProject
Project("{FAE04EC0-301F-11D3-BF4B-00C04F79EFBC}") = "Unity.TextMeshPro", "Unity.TextMeshPro.csproj", "{C5D1580B-1855-D77E-C897-5F789E7BA85D}"
EndProject
Project("{FAE04EC0-301F-11D3-BF4B-00C04F79EFBC}") = "Unity.Performance.Profile-Analyzer.Editor", "Unity.Performance.Profile-Analyzer.Editor.csproj", "{5B42BE4E-B440-7FC6-E03B-269F1C4AE680}"
EndProject
Project("{FAE04EC0-301F-11D3-BF4B-00C04F79EFBC}") = "Unity.VSCode.Editor", "Unity.VSCode.Editor.csproj", "{54422CD9-5107-F2A9-AE8F-49E276DDF13D}"
EndProject
Project("{FAE04EC0-301F-11D3-BF4B-00C04F79EFBC}") = "Unity.TestTools.CodeCoverage.Editor.OpenCover.Mono.Reflection", "Unity.TestTools.CodeCoverage.Editor.OpenCover.Mono.Reflection.csproj", "{3D82C425-4427-FDFB-2F68-142D8F0C45EC}"
EndProject
Project("{FAE04EC0-301F-11D3-BF4B-00C04F79EFBC}") = "Assembly-CSharp", "Assembly-CSharp.csproj", "{53AEDE7A-AF0A-5E1A-013D-91D4E0C7B703}"
EndProject
Project("{FAE04EC0-301F-11D3-BF4B-00C04F79EFBC}") = "Unity.Settings.Editor", "Unity.Settings.Editor.csproj", "{4C212726-076F-A869-4B24-4B52BD9F6E47}"
EndProject
Project("{FAE04EC0-301F-11D3-BF4B-00C04F79EFBC}") = "Unity.EditorCoroutines.Editor", "Unity.EditorCoroutines.Editor.csproj", "{B7A25C06-C991-735E-5EF9-894B727AAE57}"
EndProject
Project("{FAE04EC0-301F-11D3-BF4B-00C04F79EFBC}") = "Unity.VisualScripting.Shared.Editor", "Unity.VisualScripting.Shared.Editor.csproj", "{267DF58C-4511-EFDD-53D4-C16A5F5F3084}"
EndProject
Project("{FAE04EC0-301F-11D3-BF4B-00C04F79EFBC}") = "Unity.Timeline", "Unity.Timeline.Player.csproj", "{85BCF590-018F-CF27-A836-3E17F6B61B49}"
EndProject
Project("{FAE04EC0-301F-11D3-BF4B-00C04F79EFBC}") = "Unity.VisualScripting.Flow", "Unity.VisualScripting.Flow.Player.csproj", "{AA595AC2-0AA7-EDDD-8D34-4C5C6FD87267}"
EndProject
Project("{FAE04EC0-301F-11D3-BF4B-00C04F79EFBC}") = "Unity.VisualScripting.Core", "Unity.VisualScripting.Core.Player.csproj", "{15630E29-A6E4-E576-3ED3-0298AC771EB8}"
EndProject
Project("{FAE04EC0-301F-11D3-BF4B-00C04F79EFBC}") = "UnityEngine.TestRunner", "UnityEngine.TestRunner.Player.csproj", "{B8CBB786-D5AC-F50C-8D8E-4834DD72A1EF}"
EndProject
Project("{FAE04EC0-301F-11D3-BF4B-00C04F79EFBC}") = "UnityEngine.UI", "UnityEngine.UI.Player.csproj", "{90825383-B464-FAE5-8278-EFC605EEDECE}"
EndProject
Project("{FAE04EC0-301F-11D3-BF4B-00C04F79EFBC}") = "Unity.VisualScripting.State", "Unity.VisualScripting.State.Player.csproj", "{5E117E2E-BD70-EA86-A421-D152A671C110}"
EndProject
Project("{FAE04EC0-301F-11D3-BF4B-00C04F79EFBC}") = "Unity.TextMeshPro", "Unity.TextMeshPro.Player.csproj", "{E67BAE2D-0D11-A419-89DB-B22589A62055}"
EndProject
Project("{FAE04EC0-301F-11D3-BF4B-00C04F79EFBC}") = "Assembly-CSharp", "Assembly-CSharp.Player.csproj", "{C48A42BD-0C55-2AA3-60E0-D9614FD165CB}"
EndProject
Global
	GlobalSection(SolutionConfigurationPlatforms) = preSolution
		Debug|Any CPU = Debug|Any CPU
		Release|Any CPU = Release|Any CPU
	EndGlobalSection
	GlobalSection(ProjectConfigurationPlatforms) = postSolution
		{CDBF961A-73B4-2CAF-6640-50E253D700A9}.Debug|Any CPU.ActiveCfg = Debug|Any CPU
		{CDBF961A-73B4-2CAF-6640-50E253D700A9}.Debug|Any CPU.Build.0 = Debug|Any CPU
		{CDBF961A-73B4-2CAF-6640-50E253D700A9}.Release|Any CPU.ActiveCfg = Release|Any CPU
		{CDBF961A-73B4-2CAF-6640-50E253D700A9}.Release|Any CPU.Build.0 = Release|Any CPU
		{6FDAA16B-9082-DA50-53B1-55AE3C900D89}.Debug|Any CPU.ActiveCfg = Debug|Any CPU
		{6FDAA16B-9082-DA50-53B1-55AE3C900D89}.Debug|Any CPU.Build.0 = Debug|Any CPU
		{6FDAA16B-9082-DA50-53B1-55AE3C900D89}.Release|Any CPU.ActiveCfg = Release|Any CPU
		{6FDAA16B-9082-DA50-53B1-55AE3C900D89}.Release|Any CPU.Build.0 = Release|Any CPU
		{D04BCDB4-AE49-438A-D0D4-37A7AF25DFE8}.Debug|Any CPU.ActiveCfg = Debug|Any CPU
		{D04BCDB4-AE49-438A-D0D4-37A7AF25DFE8}.Debug|Any CPU.Build.0 = Debug|Any CPU
		{D04BCDB4-AE49-438A-D0D4-37A7AF25DFE8}.Release|Any CPU.ActiveCfg = Release|Any CPU
		{D04BCDB4-AE49-438A-D0D4-37A7AF25DFE8}.Release|Any CPU.Build.0 = Release|Any CPU
		{410D8185-1200-BEAF-1AC3-BF08F792093B}.Debug|Any CPU.ActiveCfg = Debug|Any CPU
		{410D8185-1200-BEAF-1AC3-BF08F792093B}.Debug|Any CPU.Build.0 = Debug|Any CPU
		{410D8185-1200-BEAF-1AC3-BF08F792093B}.Release|Any CPU.ActiveCfg = Release|Any CPU
		{410D8185-1200-BEAF-1AC3-BF08F792093B}.Release|Any CPU.Build.0 = Release|Any CPU
		{97B4584A-4EA6-50CE-A7BA-3966F65CF414}.Debug|Any CPU.ActiveCfg = Debug|Any CPU
		{97B4584A-4EA6-50CE-A7BA-3966F65CF414}.Debug|Any CPU.Build.0 = Debug|Any CPU
		{97B4584A-4EA6-50CE-A7BA-3966F65CF414}.Release|Any CPU.ActiveCfg = Release|Any CPU
		{97B4584A-4EA6-50CE-A7BA-3966F65CF414}.Release|Any CPU.Build.0 = Release|Any CPU
		{1A83B538-2A70-B5A3-5D50-24FB98592A98}.Debug|Any CPU.ActiveCfg = Debug|Any CPU
		{1A83B538-2A70-B5A3-5D50-24FB98592A98}.Debug|Any CPU.Build.0 = Debug|Any CPU
		{1A83B538-2A70-B5A3-5D50-24FB98592A98}.Release|Any CPU.ActiveCfg = Release|Any CPU
		{1A83B538-2A70-B5A3-5D50-24FB98592A98}.Release|Any CPU.Build.0 = Release|Any CPU
		{09A55114-C783-43B5-4EE4-2AA23ED5D9A7}.Debug|Any CPU.ActiveCfg = Debug|Any CPU
		{09A55114-C783-43B5-4EE4-2AA23ED5D9A7}.Debug|Any CPU.Build.0 = Debug|Any CPU
		{09A55114-C783-43B5-4EE4-2AA23ED5D9A7}.Release|Any CPU.ActiveCfg = Release|Any CPU
		{09A55114-C783-43B5-4EE4-2AA23ED5D9A7}.Release|Any CPU.Build.0 = Release|Any CPU
		{E0F27155-159E-A7C1-C705-B475125B990A}.Debug|Any CPU.ActiveCfg = Debug|Any CPU
		{E0F27155-159E-A7C1-C705-B475125B990A}.Debug|Any CPU.Build.0 = Debug|Any CPU
		{E0F27155-159E-A7C1-C705-B475125B990A}.Release|Any CPU.ActiveCfg = Release|Any CPU
		{E0F27155-159E-A7C1-C705-B475125B990A}.Release|Any CPU.Build.0 = Release|Any CPU
		{FF7C16D8-D9FC-6FAC-F1A8-E1EA540BF1B2}.Debug|Any CPU.ActiveCfg = Debug|Any CPU
		{FF7C16D8-D9FC-6FAC-F1A8-E1EA540BF1B2}.Debug|Any CPU.Build.0 = Debug|Any CPU
		{FF7C16D8-D9FC-6FAC-F1A8-E1EA540BF1B2}.Release|Any CPU.ActiveCfg = Release|Any CPU
		{FF7C16D8-D9FC-6FAC-F1A8-E1EA540BF1B2}.Release|Any CPU.Build.0 = Release|Any CPU
		{69A518B0-5CB6-580C-DA77-34E4F3192926}.Debug|Any CPU.ActiveCfg = Debug|Any CPU
		{69A518B0-5CB6-580C-DA77-34E4F3192926}.Debug|Any CPU.Build.0 = Debug|Any CPU
		{69A518B0-5CB6-580C-DA77-34E4F3192926}.Release|Any CPU.ActiveCfg = Release|Any CPU
		{69A518B0-5CB6-580C-DA77-34E4F3192926}.Release|Any CPU.Build.0 = Release|Any CPU
		{A62CF1E9-C80C-6054-5128-D962C3866642}.Debug|Any CPU.ActiveCfg = Debug|Any CPU
		{A62CF1E9-C80C-6054-5128-D962C3866642}.Debug|Any CPU.Build.0 = Debug|Any CPU
		{A62CF1E9-C80C-6054-5128-D962C3866642}.Release|Any CPU.ActiveCfg = Release|Any CPU
		{A62CF1E9-C80C-6054-5128-D962C3866642}.Release|Any CPU.Build.0 = Release|Any CPU
		{7915C830-5B32-7122-6B0A-05B088968878}.Debug|Any CPU.ActiveCfg = Debug|Any CPU
		{7915C830-5B32-7122-6B0A-05B088968878}.Debug|Any CPU.Build.0 = Debug|Any CPU
		{7915C830-5B32-7122-6B0A-05B088968878}.Release|Any CPU.ActiveCfg = Release|Any CPU
		{7915C830-5B32-7122-6B0A-05B088968878}.Release|Any CPU.Build.0 = Release|Any CPU
		{B6BED45B-E9AB-C63E-19A8-DDB402C85F6D}.Debug|Any CPU.ActiveCfg = Debug|Any CPU
		{B6BED45B-E9AB-C63E-19A8-DDB402C85F6D}.Debug|Any CPU.Build.0 = Debug|Any CPU
		{B6BED45B-E9AB-C63E-19A8-DDB402C85F6D}.Release|Any CPU.ActiveCfg = Release|Any CPU
		{B6BED45B-E9AB-C63E-19A8-DDB402C85F6D}.Release|Any CPU.Build.0 = Release|Any CPU
		{BD18201C-5176-E69B-8D37-163472F6BD58}.Debug|Any CPU.ActiveCfg = Debug|Any CPU
		{BD18201C-5176-E69B-8D37-163472F6BD58}.Debug|Any CPU.Build.0 = Debug|Any CPU
		{BD18201C-5176-E69B-8D37-163472F6BD58}.Release|Any CPU.ActiveCfg = Release|Any CPU
		{BD18201C-5176-E69B-8D37-163472F6BD58}.Release|Any CPU.Build.0 = Release|Any CPU
		{0C61C3FA-D1D4-070F-151B-D35C9D5DBF41}.Debug|Any CPU.ActiveCfg = Debug|Any CPU
		{0C61C3FA-D1D4-070F-151B-D35C9D5DBF41}.Debug|Any CPU.Build.0 = Debug|Any CPU
		{0C61C3FA-D1D4-070F-151B-D35C9D5DBF41}.Release|Any CPU.ActiveCfg = Release|Any CPU
		{0C61C3FA-D1D4-070F-151B-D35C9D5DBF41}.Release|Any CPU.Build.0 = Release|Any CPU
		{1AC026D6-F467-B942-9C3C-738B0E5D17E9}.Debug|Any CPU.ActiveCfg = Debug|Any CPU
		{1AC026D6-F467-B942-9C3C-738B0E5D17E9}.Debug|Any CPU.Build.0 = Debug|Any CPU
		{1AC026D6-F467-B942-9C3C-738B0E5D17E9}.Release|Any CPU.ActiveCfg = Release|Any CPU
		{1AC026D6-F467-B942-9C3C-738B0E5D17E9}.Release|Any CPU.Build.0 = Release|Any CPU
		{3FA63EED-D58D-36F8-6F9C-6383CC151F2F}.Debug|Any CPU.ActiveCfg = Debug|Any CPU
		{3FA63EED-D58D-36F8-6F9C-6383CC151F2F}.Debug|Any CPU.Build.0 = Debug|Any CPU
		{3FA63EED-D58D-36F8-6F9C-6383CC151F2F}.Release|Any CPU.ActiveCfg = Release|Any CPU
		{3FA63EED-D58D-36F8-6F9C-6383CC151F2F}.Release|Any CPU.Build.0 = Release|Any CPU
		{02ECDC9C-CB1B-3C1B-175A-F017D99D4C0B}.Debug|Any CPU.ActiveCfg = Debug|Any CPU
		{02ECDC9C-CB1B-3C1B-175A-F017D99D4C0B}.Debug|Any CPU.Build.0 = Debug|Any CPU
		{02ECDC9C-CB1B-3C1B-175A-F017D99D4C0B}.Release|Any CPU.ActiveCfg = Release|Any CPU
		{02ECDC9C-CB1B-3C1B-175A-F017D99D4C0B}.Release|Any CPU.Build.0 = Release|Any CPU
		{71F310EF-1D23-22FA-13B6-BAEF7676A86F}.Debug|Any CPU.ActiveCfg = Debug|Any CPU
		{71F310EF-1D23-22FA-13B6-BAEF7676A86F}.Debug|Any CPU.Build.0 = Debug|Any CPU
		{71F310EF-1D23-22FA-13B6-BAEF7676A86F}.Release|Any CPU.ActiveCfg = Release|Any CPU
		{71F310EF-1D23-22FA-13B6-BAEF7676A86F}.Release|Any CPU.Build.0 = Release|Any CPU
		{C9DD17AD-CA4B-1BF6-78D1-7C4CD05442B0}.Debug|Any CPU.ActiveCfg = Debug|Any CPU
		{C9DD17AD-CA4B-1BF6-78D1-7C4CD05442B0}.Debug|Any CPU.Build.0 = Debug|Any CPU
		{C9DD17AD-CA4B-1BF6-78D1-7C4CD05442B0}.Release|Any CPU.ActiveCfg = Release|Any CPU
		{C9DD17AD-CA4B-1BF6-78D1-7C4CD05442B0}.Release|Any CPU.Build.0 = Release|Any CPU
		{C5D1580B-1855-D77E-C897-5F789E7BA85D}.Debug|Any CPU.ActiveCfg = Debug|Any CPU
		{C5D1580B-1855-D77E-C897-5F789E7BA85D}.Debug|Any CPU.Build.0 = Debug|Any CPU
		{C5D1580B-1855-D77E-C897-5F789E7BA85D}.Release|Any CPU.ActiveCfg = Release|Any CPU
		{C5D1580B-1855-D77E-C897-5F789E7BA85D}.Release|Any CPU.Build.0 = Release|Any CPU
		{5B42BE4E-B440-7FC6-E03B-269F1C4AE680}.Debug|Any CPU.ActiveCfg = Debug|Any CPU
		{5B42BE4E-B440-7FC6-E03B-269F1C4AE680}.Debug|Any CPU.Build.0 = Debug|Any CPU
		{5B42BE4E-B440-7FC6-E03B-269F1C4AE680}.Release|Any CPU.ActiveCfg = Release|Any CPU
		{5B42BE4E-B440-7FC6-E03B-269F1C4AE680}.Release|Any CPU.Build.0 = Release|Any CPU
		{54422CD9-5107-F2A9-AE8F-49E276DDF13D}.Debug|Any CPU.ActiveCfg = Debug|Any CPU
		{54422CD9-5107-F2A9-AE8F-49E276DDF13D}.Debug|Any CPU.Build.0 = Debug|Any CPU
		{54422CD9-5107-F2A9-AE8F-49E276DDF13D}.Release|Any CPU.ActiveCfg = Release|Any CPU
		{54422CD9-5107-F2A9-AE8F-49E276DDF13D}.Release|Any CPU.Build.0 = Release|Any CPU
		{3D82C425-4427-FDFB-2F68-142D8F0C45EC}.Debug|Any CPU.ActiveCfg = Debug|Any CPU
		{3D82C425-4427-FDFB-2F68-142D8F0C45EC}.Debug|Any CPU.Build.0 = Debug|Any CPU
		{3D82C425-4427-FDFB-2F68-142D8F0C45EC}.Release|Any CPU.ActiveCfg = Release|Any CPU
		{3D82C425-4427-FDFB-2F68-142D8F0C45EC}.Release|Any CPU.Build.0 = Release|Any CPU
		{53AEDE7A-AF0A-5E1A-013D-91D4E0C7B703}.Debug|Any CPU.ActiveCfg = Debug|Any CPU
		{53AEDE7A-AF0A-5E1A-013D-91D4E0C7B703}.Debug|Any CPU.Build.0 = Debug|Any CPU
		{53AEDE7A-AF0A-5E1A-013D-91D4E0C7B703}.Release|Any CPU.ActiveCfg = Release|Any CPU
		{53AEDE7A-AF0A-5E1A-013D-91D4E0C7B703}.Release|Any CPU.Build.0 = Release|Any CPU
		{4C212726-076F-A869-4B24-4B52BD9F6E47}.Debug|Any CPU.ActiveCfg = Debug|Any CPU
		{4C212726-076F-A869-4B24-4B52BD9F6E47}.Debug|Any CPU.Build.0 = Debug|Any CPU
		{4C212726-076F-A869-4B24-4B52BD9F6E47}.Release|Any CPU.ActiveCfg = Release|Any CPU
		{4C212726-076F-A869-4B24-4B52BD9F6E47}.Release|Any CPU.Build.0 = Release|Any CPU
		{B7A25C06-C991-735E-5EF9-894B727AAE57}.Debug|Any CPU.ActiveCfg = Debug|Any CPU
		{B7A25C06-C991-735E-5EF9-894B727AAE57}.Debug|Any CPU.Build.0 = Debug|Any CPU
		{B7A25C06-C991-735E-5EF9-894B727AAE57}.Release|Any CPU.ActiveCfg = Release|Any CPU
		{B7A25C06-C991-735E-5EF9-894B727AAE57}.Release|Any CPU.Build.0 = Release|Any CPU
		{267DF58C-4511-EFDD-53D4-C16A5F5F3084}.Debug|Any CPU.ActiveCfg = Debug|Any CPU
		{267DF58C-4511-EFDD-53D4-C16A5F5F3084}.Debug|Any CPU.Build.0 = Debug|Any CPU
		{267DF58C-4511-EFDD-53D4-C16A5F5F3084}.Release|Any CPU.ActiveCfg = Release|Any CPU
		{267DF58C-4511-EFDD-53D4-C16A5F5F3084}.Release|Any CPU.Build.0 = Release|Any CPU
		{85BCF590-018F-CF27-A836-3E17F6B61B49}.Debug|Any CPU.ActiveCfg = Debug|Any CPU
		{85BCF590-018F-CF27-A836-3E17F6B61B49}.Debug|Any CPU.Build.0 = Debug|Any CPU
		{85BCF590-018F-CF27-A836-3E17F6B61B49}.Release|Any CPU.ActiveCfg = Release|Any CPU
		{85BCF590-018F-CF27-A836-3E17F6B61B49}.Release|Any CPU.Build.0 = Release|Any CPU
		{AA595AC2-0AA7-EDDD-8D34-4C5C6FD87267}.Debug|Any CPU.ActiveCfg = Debug|Any CPU
		{AA595AC2-0AA7-EDDD-8D34-4C5C6FD87267}.Debug|Any CPU.Build.0 = Debug|Any CPU
		{AA595AC2-0AA7-EDDD-8D34-4C5C6FD87267}.Release|Any CPU.ActiveCfg = Release|Any CPU
		{AA595AC2-0AA7-EDDD-8D34-4C5C6FD87267}.Release|Any CPU.Build.0 = Release|Any CPU
		{15630E29-A6E4-E576-3ED3-0298AC771EB8}.Debug|Any CPU.ActiveCfg = Debug|Any CPU
		{15630E29-A6E4-E576-3ED3-0298AC771EB8}.Debug|Any CPU.Build.0 = Debug|Any CPU
		{15630E29-A6E4-E576-3ED3-0298AC771EB8}.Release|Any CPU.ActiveCfg = Release|Any CPU
		{15630E29-A6E4-E576-3ED3-0298AC771EB8}.Release|Any CPU.Build.0 = Release|Any CPU
		{B8CBB786-D5AC-F50C-8D8E-4834DD72A1EF}.Debug|Any CPU.ActiveCfg = Debug|Any CPU
		{B8CBB786-D5AC-F50C-8D8E-4834DD72A1EF}.Debug|Any CPU.Build.0 = Debug|Any CPU
		{B8CBB786-D5AC-F50C-8D8E-4834DD72A1EF}.Release|Any CPU.ActiveCfg = Release|Any CPU
		{B8CBB786-D5AC-F50C-8D8E-4834DD72A1EF}.Release|Any CPU.Build.0 = Release|Any CPU
		{90825383-B464-FAE5-8278-EFC605EEDECE}.Debug|Any CPU.ActiveCfg = Debug|Any CPU
		{90825383-B464-FAE5-8278-EFC605EEDECE}.Debug|Any CPU.Build.0 = Debug|Any CPU
		{90825383-B464-FAE5-8278-EFC605EEDECE}.Release|Any CPU.ActiveCfg = Release|Any CPU
		{90825383-B464-FAE5-8278-EFC605EEDECE}.Release|Any CPU.Build.0 = Release|Any CPU
		{5E117E2E-BD70-EA86-A421-D152A671C110}.Debug|Any CPU.ActiveCfg = Debug|Any CPU
		{5E117E2E-BD70-EA86-A421-D152A671C110}.Debug|Any CPU.Build.0 = Debug|Any CPU
		{5E117E2E-BD70-EA86-A421-D152A671C110}.Release|Any CPU.ActiveCfg = Release|Any CPU
		{5E117E2E-BD70-EA86-A421-D152A671C110}.Release|Any CPU.Build.0 = Release|Any CPU
		{E67BAE2D-0D11-A419-89DB-B22589A62055}.Debug|Any CPU.ActiveCfg = Debug|Any CPU
		{E67BAE2D-0D11-A419-89DB-B22589A62055}.Debug|Any CPU.Build.0 = Debug|Any CPU
		{E67BAE2D-0D11-A419-89DB-B22589A62055}.Release|Any CPU.ActiveCfg = Release|Any CPU
		{E67BAE2D-0D11-A419-89DB-B22589A62055}.Release|Any CPU.Build.0 = Release|Any CPU
		{C48A42BD-0C55-2AA3-60E0-D9614FD165CB}.Debug|Any CPU.ActiveCfg = Debug|Any CPU
		{C48A42BD-0C55-2AA3-60E0-D9614FD165CB}.Debug|Any CPU.Build.0 = Debug|Any CPU
		{C48A42BD-0C55-2AA3-60E0-D9614FD165CB}.Release|Any CPU.ActiveCfg = Release|Any CPU
		{C48A42BD-0C55-2AA3-60E0-D9614FD165CB}.Release|Any CPU.Build.0 = Release|Any CPU
	EndGlobalSection
	GlobalSection(SolutionProperties) = preSolution
		HideSolutionNode = FALSE
	EndGlobalSection
EndGlobal
