
Microsoft Visual Studio Solution File, Format Version 11.00
# Visual Studio 2010
Project("{FAE04EC0-301F-11D3-BF4B-00C04F79EFBC}") = "UnityEditor.UI", "UnityEditor.UI.csproj", "{6425d70c-b002-37c7-e499-f7c96571c82f}"
EndProject
Project("{FAE04EC0-301F-11D3-BF4B-00C04F79EFBC}") = "Assembly-CSharp", "Assembly-CSharp.csproj", "{fa064d01-7447-40ba-0653-36e5677d4fac}"
EndProject
Project("{FAE04EC0-301F-11D3-BF4B-00C04F79EFBC}") = "UnityEngine.UI", "UnityEngine.UI.csproj", "{126c93ba-f748-7e22-6eda-1d26e8efeda7}"
EndProject
Global
	GlobalSection(SolutionConfigurationPlatforms) = preSolution
		Debug|Any CPU = Debug|Any CPU
	EndGlobalSection
	GlobalSection(ProjectConfigurationPlatforms) = postSolution
		{6425d70c-b002-37c7-e499-f7c96571c82f}.Debug|Any CPU.ActiveCfg = Debug|Any CPU
		{6425d70c-b002-37c7-e499-f7c96571c82f}.Debug|Any CPU.Build.0 = Debug|Any CPU
		{fa064d01-7447-40ba-0653-36e5677d4fac}.Debug|Any CPU.ActiveCfg = Debug|Any CPU
		{fa064d01-7447-40ba-0653-36e5677d4fac}.Debug|Any CPU.Build.0 = Debug|Any CPU
		{126c93ba-f748-7e22-6eda-1d26e8efeda7}.Debug|Any CPU.ActiveCfg = Debug|Any CPU
		{126c93ba-f748-7e22-6eda-1d26e8efeda7}.Debug|Any CPU.Build.0 = Debug|Any CPU
	EndGlobalSection
	GlobalSection(SolutionProperties) = preSolution
		HideSolutionNode = FALSE
	EndGlobalSection
EndGlobal
